
Microsoft Visual Studio Solution File, Format Version 12.00
# Visual Studio Version 17
VisualStudioVersion = 17.7.34221.43
MinimumVisualStudioVersion = 10.0.40219.1
Project("{FAE04EC0-301F-11D3-BF4B-00C04F79EFBC}") = "TaxiSys", "TaxiSys\TaxiSys.csproj", "{07AA2564-ED6B-4036-8095-DD9C2DE0B1CE}"
EndProject
Global
	GlobalSection(SolutionConfigurationPlatforms) = preSolution
		Debug|Any CPU = Debug|Any CPU
		Release|Any CPU = Release|Any CPU
	EndGlobalSection
	GlobalSection(ProjectConfigurationPlatforms) = postSolution
		{07AA2564-ED6B-4036-8095-DD9C2DE0B1CE}.Debug|Any CPU.ActiveCfg = Debug|Any CPU
		{07AA2564-ED6B-4036-8095-DD9C2DE0B1CE}.Debug|Any CPU.Build.0 = Debug|Any CPU
		{07AA2564-ED6B-4036-8095-DD9C2DE0B1CE}.Release|Any CPU.ActiveCfg = Release|Any CPU
		{07AA2564-ED6B-4036-8095-DD9C2DE0B1CE}.Release|Any CPU.Build.0 = Release|Any CPU
	EndGlobalSection
	GlobalSection(SolutionProperties) = preSolution
		HideSolutionNode = FALSE
	EndGlobalSection
	GlobalSection(ExtensibilityGlobals) = postSolution
		SolutionGuid = {DD15E11B-3037-4BCC-8F9B-4E8D02E68033}
	EndGlobalSection
EndGlobal
